
Microsoft Visual Studio Solution File, Format Version 12.00
# Visual Studio Version 17
VisualStudioVersion = 17.14.36127.28
MinimumVisualStudioVersion = 10.0.40219.1
Project("{FAE04EC0-301F-11D3-BF4B-00C04F79EFBC}") = "TransportExpenditureTracker", "TransportExpenditureTracker\TransportExpenditureTracker.csproj", "{93311FF0-0AF1-4F0B-8B7C-0556CC44C2FE}"
EndProject
Global
	GlobalSection(SolutionConfigurationPlatforms) = preSolution
		Debug|Any CPU = Debug|Any CPU
		Release|Any CPU = Release|Any CPU
	EndGlobalSection
	GlobalSection(ProjectConfigurationPlatforms) = postSolution
		{93311FF0-0AF1-4F0B-8B7C-0556CC44C2FE}.Debug|Any CPU.ActiveCfg = Debug|Any CPU
		{93311FF0-0AF1-4F0B-8B7C-0556CC44C2FE}.Debug|Any CPU.Build.0 = Debug|Any CPU
		{93311FF0-0AF1-4F0B-8B7C-0556CC44C2FE}.Release|Any CPU.ActiveCfg = Release|Any CPU
		{93311FF0-0AF1-4F0B-8B7C-0556CC44C2FE}.Release|Any CPU.Build.0 = Release|Any CPU
	EndGlobalSection
	GlobalSection(SolutionProperties) = preSolution
		HideSolutionNode = FALSE
	EndGlobalSection
	GlobalSection(ExtensibilityGlobals) = postSolution
		SolutionGuid = {BFD57D1E-F5A3-4663-B0DD-A92CA2CDE6BA}
	EndGlobalSection
EndGlobal
